# This file is automatically @generated by Cargo.
# It is not intended for manual editing.
version = 4

[[package]]
name = "bsky-auth"
version = "0.1.0"

[[package]]
name = "bsky-ime"
version = "0.1.0"
dependencies = [
 "vitasdk-sys",
]

[[package]]
name = "bsky-input"
version = "0.1.0"
dependencies = [
 "vitasdk-sys",
]

[[package]]
name = "bsky-models"
version = "0.1.0"

[[package]]
name = "bsky-net"
version = "0.1.0"

[[package]]
name = "bsky-render"
version = "0.1.0"
dependencies = [
 "vitasdk-sys",
]

[[package]]
name = "bsky-store"
version = "0.1.0"

[[package]]
name = "bsky-ui"
version = "0.1.0"

[[package]]
name = "bsky-vita-app"
version = "0.1.0"
dependencies = [
 "vita-newlib-shims",
 "vitasdk-sys",
]

[[package]]
name = "libc"
version = "0.2.186"
source = "registry+https://github.com/rust-lang/crates.io-index"
checksum = "68ab91017fe16c622486840e4c83c9a37afeff978bd239b5293d61ece587de66"

[[package]]
name = "vita-newlib-shims"
version = "0.3.1"
source = "registry+https://github.com/rust-lang/crates.io-index"
checksum = "6cb862f8cd2144086efba54e27a1e385d1c14de200ed4457395ff240bb139233"
dependencies = [
 "libc",
]

[[package]]
name = "vitasdk-sys"
version = "0.3.3"
source = "registry+https://github.com/rust-lang/crates.io-index"
checksum = "665d8a491ad572e0ebc103846c4a51e66b641c942391b7241f91c413a3a301a9"
